{
  "name": "bloomhaven-bot",
  "version": "1.0.0",
  "lockfileVersion": 3,
  "requires": true,
  "packages": {
    "": {
      "dependencies": {
        "discord.js": "^14.11.0",
        "express": "^4.18.2",
        "body-parser": "^1.20.2",
        "dotenv": "^16.3.1"
      }
    }
  },
  "dependencies": {
    "discord.js": {
      "version": "14.11.0",
      "resolved": "https://registry.npmjs.org/discord.js/-/discord.js-14.11.0.tgz",
      "integrity": "sha512-XMkE1sR9dCzF0ogQQkZy0U8GOS4LkRPZynEON3GfAB5dcyOwIaT2+H/MwHiXx8WrUAs+Fj7hFLThH3MjrwAObA=="
    },
    "express": {
      "version": "4.18.2",
      "resolved": "https://registry.npmjs.org/express/-/express-4.18.2.tgz",
      "integrity": "sha512-VoE8s7Oth18pmuPbdX32wAKboCE9pbj6xFlS7YvQEMb5kzq3zv+oT5A1eZcN9AYzyNz6+G7bvlV+5LZxkdoyCQ=="
    },
    "body-parser": {
      "version": "1.20.2",
      "resolved": "https://registry.npmjs.org/body-parser/-/body-parser-1.20.2.tgz",
      "integrity": "sha512-UD7FltyMW3vFyIMHq7IdNBHaxZnZ3klybqDGAkRhV9V+Otvk26Hlfy3Jwb77v9KoO/jxv4D6k9kq2vSp+7YlRA=="
    },
    "dotenv": {
      "version": "16.3.1",
      "resolved": "https://registry.npmjs.org/dotenv/-/dotenv-16.3.1.tgz",
      "integrity": "sha512-WFCEv0aI3Z3tVR19qRIrKJKC0AkQKN7Xx+uEqJG9AIW2eAoZcbPC/08whnTyZ91PPubRuUl1L8PVaL03/4WMbA=="
    }
  }
}
