{
  "name": "bloomhaven-bot",
  "version": "1.0.0",
  "lockfileVersion": 3,
  "requires": true,
  "packages": {
    "": {
      "dependencies": {
        "discord.js": "^14.21.0",
        "express": "^4.21.2",
        "body-parser": "^1.20.3",
        "dotenv": "^16.6.1"
      }
    }
  },
  "dependencies": {
    "discord.js": {
      "version": "14.21.0",
      "resolved": "https://registry.npmjs.org/discord.js/-/discord.js-14.21.0.tgz",
      "integrity": "sha512-BiRp15UYHeOnTRCNsIumONFYqccVLXnJfjXy5R4pAfA6mRS7TVpp2zZhD8n7EV1z5UmD8zm+OaM+J0Cay2vQUg=="
    },
    "express": {
      "version": "4.21.2",
      "resolved": "https://registry.npmjs.org/express/-/express-4.21.2.tgz",
      "integrity": "sha512-Sd4vjqIoYw1fNUAm+4Ak7mgBoGrjkUgPi+o9JMNZHZ8AUEXyKqARzM57Fb5Q4IazvRLsE5LPtWglMCX+u0kNSQ=="
    },
    "body-parser": {
      "version": "1.20.3",
      "resolved": "https://registry.npmjs.org/body-parser/-/body-parser-1.20.3.tgz",
      "integrity": "sha512-yuFea7Ivkl+3znKso8KgOnYyY5sWaA3K9nVQn82CyS5LNsFlTBiIFhCE98aH5Ebd7Q4D1KY9mQ0mE1UGDHWaRg=="
    },
    "dotenv": {
      "version": "16.6.1",
      "resolved": "https://registry.npmjs.org/dotenv/-/dotenv-16.6.1.tgz",
      "integrity": "sha512-ZZK3oXkA5mgmZ4EZ+b4P+TqhwocQ4cEJ9s6VOrMEvOCia5Pf7hZCWzy1u8kXrgvATcoGvljddqxXL8CgO3kWDA=="
    }
  }
}
